{
  "version": 4,
  "terraform_version": "0.14.3",
  "serial": 144,
  "lineage": "4b0d834c-fc3f-7710-f80e-71961bc62cf2",
  "outputs": {
    "compute_instance_cpu_platforms": {
      "value": [
        "Intel Haswell",
        "Intel Haswell"
      ],
      "type": [
        "tuple",
        [
          "string",
          "string"
        ]
      ]
    },
    "compute_instance_external_ip_addresses": {
      "value": [
        "35.185.25.7",
        "35.231.70.161"
      ],
      "type": [
        "tuple",
        [
          "string",
          "string"
        ]
      ]
    },
    "compute_instance_ids": {
      "value": [
        "6655955725685138700",
        "1014305565782877449"
      ],
      "type": [
        "tuple",
        [
          "string",
          "string"
        ]
      ]
    },
    "compute_instance_internal_ip_addresses": {
      "value": [
        "10.142.15.196",
        "10.142.15.197"
      ],
      "type": [
        "tuple",
        [
          "string",
          "string"
        ]
      ]
    },
    "compute_instance_self_links": {
      "value": [
        "https://www.googleapis.com/compute/v1/projects/concrete-flare-310318/zones/us-east1-b/instances/test-ce-stage-1",
        "https://www.googleapis.com/compute/v1/projects/concrete-flare-310318/zones/us-east1-b/instances/test-ce-stage-2"
      ],
      "type": [
        "tuple",
        [
          "string",
          "string"
        ]
      ]
    },
    "compute_instance_with_attached_disk_cpu_platforms": {
      "value": [],
      "type": [
        "tuple",
        []
      ]
    },
    "compute_instance_with_attached_disk_external_ip_addresses": {
      "value": [],
      "type": [
        "tuple",
        []
      ]
    },
    "compute_instance_with_attached_disk_ids": {
      "value": [],
      "type": [
        "tuple",
        []
      ]
    },
    "compute_instance_with_attached_disk_internal_ip_addresses": {
      "value": [],
      "type": [
        "tuple",
        []
      ]
    },
    "compute_instance_with_attached_disk_self_links": {
      "value": [],
      "type": [
        "tuple",
        []
      ]
    },
    "hostname": {
      "value": [
        "test-ce-stage-1",
        "test-ce-stage-2"
      ],
      "type": [
        "tuple",
        [
          "string",
          "string"
        ]
      ]
    }
  },
  "resources": [
    {
      "module": "module.compute_instance",
      "mode": "managed",
      "type": "google_compute_instance",
      "name": "compute_instance",
      "provider": "provider[\"registry.terraform.io/hashicorp/google\"]",
      "instances": [
        {
          "index_key": 0,
          "status": "tainted",
          "schema_version": 6,
          "attributes": {
            "allow_stopping_for_update": true,
            "attached_disk": [],
            "boot_disk": [
              {
                "auto_delete": true,
                "device_name": "persistent-disk-0",
                "disk_encryption_key_raw": "",
                "disk_encryption_key_sha256": "",
                "initialize_params": [
                  {
                    "image": "https://www.googleapis.com/compute/v1/projects/debian-cloud/global/images/debian-9-stretch-v20210512",
                    "labels": {},
                    "size": 25,
                    "type": "pd-standard"
                  }
                ],
                "kms_key_self_link": "",
                "mode": "READ_WRITE",
                "source": "https://www.googleapis.com/compute/v1/projects/concrete-flare-310318/zones/us-east1-b/disks/test-ce-stage-1"
              }
            ],
            "can_ip_forward": false,
            "confidential_instance_config": [],
            "cpu_platform": "Intel Haswell",
            "current_status": "RUNNING",
            "deletion_protection": false,
            "description": "",
            "desired_status": null,
            "enable_display": false,
            "guest_accelerator": [],
            "hostname": "",
            "id": "projects/concrete-flare-310318/zones/us-east1-b/instances/test-ce-stage-1",
            "instance_id": "6655955725685138700",
            "label_fingerprint": "42WmSpB8rSM=",
            "labels": null,
            "machine_type": "f1-micro",
            "metadata": {
              "enable-oslogin": "TRUE",
              "user-data": "#cloud-config\npackages: [\"ansible\"]\nwrite_files:\n- path: /etc/ansible/ansible.cfg\n  content: |\n      [defaults]\n      remote_tmp     = /tmp\n      local_tmp      = /tmp\nruncmd:\n- gsutil cp -r gs://ansible-f5755fc065968d63/ansible /opt\n- ansible-playbook /opt/ansible/playbook.yml -t web\n"
            },
            "metadata_fingerprint": "RLfDC3FeDQg=",
            "metadata_startup_script": "#!/bin/bash -x\n\n\nsudo apt update -y\nsudo apt upgrade -y\n#sudo yum install epel-release -y\n\nsudo apt install nginx -y\nsudo apt install ansible\n\n#sudo service nginx restart\n",
            "min_cpu_platform": "Intel Haswell",
            "name": "test-ce-stage-1",
            "network_interface": [
              {
                "access_config": [
                  {
                    "nat_ip": "35.185.25.7",
                    "network_tier": "PREMIUM",
                    "public_ptr_domain_name": ""
                  }
                ],
                "alias_ip_range": [],
                "name": "nic0",
                "network": "https://www.googleapis.com/compute/v1/projects/concrete-flare-310318/global/networks/default",
                "network_ip": "10.142.15.196",
                "nic_type": "",
                "subnetwork": "https://www.googleapis.com/compute/v1/projects/concrete-flare-310318/regions/us-east1/subnetworks/default",
                "subnetwork_project": "concrete-flare-310318"
              }
            ],
            "project": "concrete-flare-310318",
            "resource_policies": null,
            "scheduling": [
              {
                "automatic_restart": true,
                "min_node_cpus": 0,
                "node_affinities": [],
                "on_host_maintenance": "TERMINATE",
                "preemptible": false
              }
            ],
            "scratch_disk": [],
            "self_link": "https://www.googleapis.com/compute/v1/projects/concrete-flare-310318/zones/us-east1-b/instances/test-ce-stage-1",
            "service_account": [
              {
                "email": "871221498655-compute@developer.gserviceaccount.com",
                "scopes": [
                  "https://www.googleapis.com/auth/compute.readonly",
                  "https://www.googleapis.com/auth/devstorage.read_only",
                  "https://www.googleapis.com/auth/userinfo.email"
                ]
              }
            ],
            "shielded_instance_config": [],
            "tags": [
              "stage",
              "terraform",
              "test"
            ],
            "tags_fingerprint": "lYxwMdVX7IA=",
            "timeouts": {
              "create": "6m",
              "delete": "6m",
              "update": "6m"
            },
            "zone": "us-east1-b"
          },
          "sensitive_attributes": [],
          "private": "eyJlMmJmYjczMC1lY2FhLTExZTYtOGY4OC0zNDM2M2JjN2M0YzAiOnsiY3JlYXRlIjozNjAwMDAwMDAwMDAsImRlbGV0ZSI6MzYwMDAwMDAwMDAwLCJ1cGRhdGUiOjM2MDAwMDAwMDAwMH0sInNjaGVtYV92ZXJzaW9uIjoiNiJ9",
          "dependencies": [
            "module.compute_instance.google_storage_bucket.ansible",
            "module.compute_instance.random_id.suffix"
          ]
        },
        {
          "index_key": 1,
          "status": "tainted",
          "schema_version": 6,
          "attributes": {
            "allow_stopping_for_update": true,
            "attached_disk": [],
            "boot_disk": [
              {
                "auto_delete": true,
                "device_name": "persistent-disk-0",
                "disk_encryption_key_raw": "",
                "disk_encryption_key_sha256": "",
                "initialize_params": [
                  {
                    "image": "https://www.googleapis.com/compute/v1/projects/debian-cloud/global/images/debian-9-stretch-v20210512",
                    "labels": {},
                    "size": 25,
                    "type": "pd-standard"
                  }
                ],
                "kms_key_self_link": "",
                "mode": "READ_WRITE",
                "source": "https://www.googleapis.com/compute/v1/projects/concrete-flare-310318/zones/us-east1-b/disks/test-ce-stage-2"
              }
            ],
            "can_ip_forward": false,
            "confidential_instance_config": [],
            "cpu_platform": "Intel Haswell",
            "current_status": "RUNNING",
            "deletion_protection": false,
            "description": "",
            "desired_status": null,
            "enable_display": false,
            "guest_accelerator": [],
            "hostname": "",
            "id": "projects/concrete-flare-310318/zones/us-east1-b/instances/test-ce-stage-2",
            "instance_id": "1014305565782877449",
            "label_fingerprint": "42WmSpB8rSM=",
            "labels": null,
            "machine_type": "f1-micro",
            "metadata": {
              "enable-oslogin": "TRUE",
              "user-data": "#cloud-config\npackages: [\"ansible\"]\nwrite_files:\n- path: /etc/ansible/ansible.cfg\n  content: |\n      [defaults]\n      remote_tmp     = /tmp\n      local_tmp      = /tmp\nruncmd:\n- gsutil cp -r gs://ansible-f5755fc065968d63/ansible /opt\n- ansible-playbook /opt/ansible/playbook.yml -t web\n"
            },
            "metadata_fingerprint": "RLfDC3FeDQg=",
            "metadata_startup_script": "#!/bin/bash -x\n\n\nsudo apt update -y\nsudo apt upgrade -y\n#sudo yum install epel-release -y\n\nsudo apt install nginx -y\nsudo apt install ansible\n\n#sudo service nginx restart\n",
            "min_cpu_platform": "Intel Haswell",
            "name": "test-ce-stage-2",
            "network_interface": [
              {
                "access_config": [
                  {
                    "nat_ip": "35.231.70.161",
                    "network_tier": "PREMIUM",
                    "public_ptr_domain_name": ""
                  }
                ],
                "alias_ip_range": [],
                "name": "nic0",
                "network": "https://www.googleapis.com/compute/v1/projects/concrete-flare-310318/global/networks/default",
                "network_ip": "10.142.15.197",
                "nic_type": "",
                "subnetwork": "https://www.googleapis.com/compute/v1/projects/concrete-flare-310318/regions/us-east1/subnetworks/default",
                "subnetwork_project": "concrete-flare-310318"
              }
            ],
            "project": "concrete-flare-310318",
            "resource_policies": null,
            "scheduling": [
              {
                "automatic_restart": true,
                "min_node_cpus": 0,
                "node_affinities": [],
                "on_host_maintenance": "TERMINATE",
                "preemptible": false
              }
            ],
            "scratch_disk": [],
            "self_link": "https://www.googleapis.com/compute/v1/projects/concrete-flare-310318/zones/us-east1-b/instances/test-ce-stage-2",
            "service_account": [
              {
                "email": "871221498655-compute@developer.gserviceaccount.com",
                "scopes": [
                  "https://www.googleapis.com/auth/compute.readonly",
                  "https://www.googleapis.com/auth/devstorage.read_only",
                  "https://www.googleapis.com/auth/userinfo.email"
                ]
              }
            ],
            "shielded_instance_config": [],
            "tags": [
              "stage",
              "terraform",
              "test"
            ],
            "tags_fingerprint": "lYxwMdVX7IA=",
            "timeouts": {
              "create": "6m",
              "delete": "6m",
              "update": "6m"
            },
            "zone": "us-east1-b"
          },
          "sensitive_attributes": [],
          "private": "eyJlMmJmYjczMC1lY2FhLTExZTYtOGY4OC0zNDM2M2JjN2M0YzAiOnsiY3JlYXRlIjozNjAwMDAwMDAwMDAsImRlbGV0ZSI6MzYwMDAwMDAwMDAwLCJ1cGRhdGUiOjM2MDAwMDAwMDAwMH0sInNjaGVtYV92ZXJzaW9uIjoiNiJ9",
          "dependencies": [
            "module.compute_instance.google_storage_bucket.ansible",
            "module.compute_instance.random_id.suffix"
          ]
        }
      ]
    },
    {
      "module": "module.compute_instance",
      "mode": "managed",
      "type": "google_storage_bucket",
      "name": "ansible",
      "provider": "provider[\"registry.terraform.io/hashicorp/google\"]",
      "instances": [
        {
          "schema_version": 0,
          "attributes": {
            "bucket_policy_only": false,
            "cors": [],
            "default_event_based_hold": false,
            "encryption": [],
            "force_destroy": false,
            "id": "ansible-f5755fc065968d63",
            "labels": null,
            "lifecycle_rule": [],
            "location": "US",
            "logging": [],
            "name": "ansible-f5755fc065968d63",
            "project": "concrete-flare-310318",
            "requester_pays": false,
            "retention_policy": [],
            "self_link": "https://www.googleapis.com/storage/v1/b/ansible-f5755fc065968d63",
            "storage_class": "STANDARD",
            "uniform_bucket_level_access": false,
            "url": "gs://ansible-f5755fc065968d63",
            "versioning": [],
            "website": []
          },
          "sensitive_attributes": [],
          "private": "bnVsbA==",
          "dependencies": [
            "module.compute_instance.random_id.suffix"
          ],
          "create_before_destroy": true
        }
      ]
    },
    {
      "module": "module.compute_instance",
      "mode": "managed",
      "type": "google_storage_bucket_object",
      "name": "playbook",
      "provider": "provider[\"registry.terraform.io/hashicorp/google\"]",
      "instances": [
        {
          "index_key": "hosts",
          "schema_version": 0,
          "attributes": {
            "bucket": "ansible-f5755fc065968d63",
            "cache_control": "",
            "content": null,
            "content_disposition": "",
            "content_encoding": "",
            "content_language": "",
            "content_type": "text/plain; charset=utf-8",
            "crc32c": "OZ97aQ==",
            "detect_md5hash": "aLMp2piT40CZx9itXLnJQA==",
            "id": "ansible-f5755fc065968d63-ansible/hosts",
            "kms_key_name": "",
            "md5hash": "aLMp2piT40CZx9itXLnJQA==",
            "media_link": "https://storage.googleapis.com/download/storage/v1/b/ansible-f5755fc065968d63/o/ansible%2Fhosts?generation=1620909019976992\u0026alt=media",
            "metadata": null,
            "name": "ansible/hosts",
            "output_name": "ansible/hosts",
            "self_link": "https://www.googleapis.com/storage/v1/b/ansible-f5755fc065968d63/o/ansible%2Fhosts",
            "source": ".terraform/modules/compute_instance/ansible/hosts",
            "storage_class": "STANDARD"
          },
          "sensitive_attributes": [],
          "private": "bnVsbA==",
          "dependencies": [
            "module.compute_instance.google_storage_bucket.ansible",
            "module.compute_instance.random_id.suffix"
          ]
        },
        {
          "index_key": "httpd.yml",
          "schema_version": 0,
          "attributes": {
            "bucket": "ansible-f5755fc065968d63",
            "cache_control": "",
            "content": null,
            "content_disposition": "",
            "content_encoding": "",
            "content_language": "",
            "content_type": "text/plain; charset=utf-8",
            "crc32c": "t89zVg==",
            "detect_md5hash": "NPMjwenOW/1LQctPwiVKMw==",
            "id": "ansible-f5755fc065968d63-ansible/httpd.yml",
            "kms_key_name": "",
            "md5hash": "NPMjwenOW/1LQctPwiVKMw==",
            "media_link": "https://storage.googleapis.com/download/storage/v1/b/ansible-f5755fc065968d63/o/ansible%2Fhttpd.yml?generation=1620909015685351\u0026alt=media",
            "metadata": null,
            "name": "ansible/httpd.yml",
            "output_name": "ansible/httpd.yml",
            "self_link": "https://www.googleapis.com/storage/v1/b/ansible-f5755fc065968d63/o/ansible%2Fhttpd.yml",
            "source": ".terraform/modules/compute_instance/ansible/httpd.yml",
            "storage_class": "STANDARD"
          },
          "sensitive_attributes": [],
          "private": "bnVsbA==",
          "dependencies": [
            "module.compute_instance.google_storage_bucket.ansible",
            "module.compute_instance.random_id.suffix"
          ]
        },
        {
          "index_key": "ping.yml",
          "schema_version": 0,
          "attributes": {
            "bucket": "ansible-f5755fc065968d63",
            "cache_control": "",
            "content": null,
            "content_disposition": "",
            "content_encoding": "",
            "content_language": "",
            "content_type": "text/plain; charset=utf-8",
            "crc32c": "x3SUGA==",
            "detect_md5hash": "9ka16Xo/Y0CEET58pAZlCw==",
            "id": "ansible-f5755fc065968d63-ansible/ping.yml",
            "kms_key_name": "",
            "md5hash": "9ka16Xo/Y0CEET58pAZlCw==",
            "media_link": "https://storage.googleapis.com/download/storage/v1/b/ansible-f5755fc065968d63/o/ansible%2Fping.yml?generation=1620909015690242\u0026alt=media",
            "metadata": null,
            "name": "ansible/ping.yml",
            "output_name": "ansible/ping.yml",
            "self_link": "https://www.googleapis.com/storage/v1/b/ansible-f5755fc065968d63/o/ansible%2Fping.yml",
            "source": ".terraform/modules/compute_instance/ansible/ping.yml",
            "storage_class": "STANDARD"
          },
          "sensitive_attributes": [],
          "private": "bnVsbA==",
          "dependencies": [
            "module.compute_instance.google_storage_bucket.ansible",
            "module.compute_instance.random_id.suffix"
          ]
        }
      ]
    },
    {
      "module": "module.compute_instance",
      "mode": "managed",
      "type": "random_id",
      "name": "suffix",
      "provider": "provider[\"registry.terraform.io/hashicorp/random\"]",
      "instances": [
        {
          "schema_version": 0,
          "attributes": {
            "b64_std": "9XVfwGWWjWM=",
            "b64_url": "9XVfwGWWjWM",
            "byte_length": 8,
            "dec": "17687148391510216035",
            "hex": "f5755fc065968d63",
            "id": "9XVfwGWWjWM",
            "keepers": null,
            "prefix": null
          },
          "sensitive_attributes": [],
          "private": "bnVsbA==",
          "create_before_destroy": true
        }
      ]
    }
  ]
}
